// !$*UTF8*$!
{
	archiveVersion = 1;
	classes = {
	};
	objectVersion = 50;
	objects = {

/* Begin PBXBuildFile section */
		5332DCDE23443EA600697B77 /* Item.swift in Sources */ = {isa = PBXBuildFile; fileRef = 5332DCDD23443EA600697B77 /* Item.swift */; };
		5332DCE023443EC900697B77 /* Category.swift in Sources */ = {isa = PBXBuildFile; fileRef = 5332DCDF23443EC900697B77 /* Category.swift */; };
		539DE8AE2342E368002E5142 /* AppDelegate.swift in Sources */ = {isa = PBXBuildFile; fileRef = 539DE8AD2342E368002E5142 /* AppDelegate.swift */; };
		539DE8B32342E368002E5142 /* Main.storyboard in Resources */ = {isa = PBXBuildFile; fileRef = 539DE8B12342E368002E5142 /* Main.storyboard */; };
		539DE8B52342E369002E5142 /* Assets.xcassets in Resources */ = {isa = PBXBuildFile; fileRef = 539DE8B42342E369002E5142 /* Assets.xcassets */; };
		539DE8B82342E369002E5142 /* LaunchScreen.storyboard in Resources */ = {isa = PBXBuildFile; fileRef = 539DE8B62342E369002E5142 /* LaunchScreen.storyboard */; };
		539DE8C02342E5CA002E5142 /* CategoriesTableViewController.swift in Sources */ = {isa = PBXBuildFile; fileRef = 539DE8BF2342E5CA002E5142 /* CategoriesTableViewController.swift */; };
		539DE8C22342E5DB002E5142 /* ToDoListTableViewController.swift in Sources */ = {isa = PBXBuildFile; fileRef = 539DE8C12342E5DB002E5142 /* ToDoListTableViewController.swift */; };
		A16D158BC1078CEB65A3E391 /* Pods_ToDoList_w_REALM.framework in Frameworks */ = {isa = PBXBuildFile; fileRef = FD80D621801834101C06EBAB /* Pods_ToDoList_w_REALM.framework */; };
/* End PBXBuildFile section */

/* Begin PBXFileReference section */
		43D389B5A26BD3854C0BEAF7 /* Pods-ToDoList w REALM.release.xcconfig */ = {isa = PBXFileReference; includeInIndex = 1; lastKnownFileType = text.xcconfig; name = "Pods-ToDoList w REALM.release.xcconfig"; path = "Pods/Target Support Files/Pods-ToDoList w REALM/Pods-ToDoList w REALM.release.xcconfig"; sourceTree = "<group>"; };
		5332DCDD23443EA600697B77 /* Item.swift */ = {isa = PBXFileReference; fileEncoding = 4; lastKnownFileType = sourcecode.swift; path = Item.swift; sourceTree = "<group>"; };
		5332DCDF23443EC900697B77 /* Category.swift */ = {isa = PBXFileReference; lastKnownFileType = sourcecode.swift; path = Category.swift; sourceTree = "<group>"; };
		539DE8AA2342E368002E5142 /* ToDoList w REALM.app */ = {isa = PBXFileReference; explicitFileType = wrapper.application; includeInIndex = 0; path = "ToDoList w REALM.app"; sourceTree = BUILT_PRODUCTS_DIR; };
		539DE8AD2342E368002E5142 /* AppDelegate.swift */ = {isa = PBXFileReference; lastKnownFileType = sourcecode.swift; path = AppDelegate.swift; sourceTree = "<group>"; };
		539DE8B22342E368002E5142 /* Base */ = {isa = PBXFileReference; lastKnownFileType = file.storyboard; name = Base; path = Base.lproj/Main.storyboard; sourceTree = "<group>"; };
		539DE8B42342E369002E5142 /* Assets.xcassets */ = {isa = PBXFileReference; lastKnownFileType = folder.assetcatalog; path = Assets.xcassets; sourceTree = "<group>"; };
		539DE8B72342E369002E5142 /* Base */ = {isa = PBXFileReference; lastKnownFileType = file.storyboard; name = Base; path = Base.lproj/LaunchScreen.storyboard; sourceTree = "<group>"; };
		539DE8B92342E369002E5142 /* Info.plist */ = {isa = PBXFileReference; lastKnownFileType = text.plist.xml; path = Info.plist; sourceTree = "<group>"; };
		539DE8BF2342E5CA002E5142 /* CategoriesTableViewController.swift */ = {isa = PBXFileReference; lastKnownFileType = sourcecode.swift; path = CategoriesTableViewController.swift; sourceTree = "<group>"; };
		539DE8C12342E5DB002E5142 /* ToDoListTableViewController.swift */ = {isa = PBXFileReference; lastKnownFileType = sourcecode.swift; path = ToDoListTableViewController.swift; sourceTree = "<group>"; };
		55350E833B9FC42B3D10A466 /* Pods-ToDoList w REALM.debug.xcconfig */ = {isa = PBXFileReference; includeInIndex = 1; lastKnownFileType = text.xcconfig; name = "Pods-ToDoList w REALM.debug.xcconfig"; path = "Pods/Target Support Files/Pods-ToDoList w REALM/Pods-ToDoList w REALM.debug.xcconfig"; sourceTree = "<group>"; };
		FD80D621801834101C06EBAB /* Pods_ToDoList_w_REALM.framework */ = {isa = PBXFileReference; explicitFileType = wrapper.framework; includeInIndex = 0; path = Pods_ToDoList_w_REALM.framework; sourceTree = BUILT_PRODUCTS_DIR; };
/* End PBXFileReference section */

/* Begin PBXFrameworksBuildPhase section */
		539DE8A72342E368002E5142 /* Frameworks */ = {
			isa = PBXFrameworksBuildPhase;
			buildActionMask = 2147483647;
			files = (
				A16D158BC1078CEB65A3E391 /* Pods_ToDoList_w_REALM.framework in Frameworks */,
			);
			runOnlyForDeploymentPostprocessing = 0;
		};
/* End PBXFrameworksBuildPhase section */

/* Begin PBXGroup section */
		3E5C388F05AC1AE4FA383376 /* Frameworks */ = {
			isa = PBXGroup;
			children = (
				FD80D621801834101C06EBAB /* Pods_ToDoList_w_REALM.framework */,
			);
			name = Frameworks;
			sourceTree = "<group>";
		};
		5332DCE123443ED500697B77 /* Model */ = {
			isa = PBXGroup;
			children = (
				5332DCDF23443EC900697B77 /* Category.swift */,
				5332DCDD23443EA600697B77 /* Item.swift */,
			);
			path = Model;
			sourceTree = "<group>";
		};
		5332DCE223443EF300697B77 /* Controller */ = {
			isa = PBXGroup;
			children = (
				539DE8BF2342E5CA002E5142 /* CategoriesTableViewController.swift */,
				539DE8C12342E5DB002E5142 /* ToDoListTableViewController.swift */,
			);
			path = Controller;
			sourceTree = "<group>";
		};
		5332DCE323443F0B00697B77 /* View */ = {
			isa = PBXGroup;
			children = (
				539DE8B12342E368002E5142 /* Main.storyboard */,
			);
			path = View;
			sourceTree = "<group>";
		};
		539DE8A12342E368002E5142 = {
			isa = PBXGroup;
			children = (
				539DE8AC2342E368002E5142 /* ToDoList w REALM */,
				539DE8AB2342E368002E5142 /* Products */,
				914E9DE78DD794597B394CFE /* Pods */,
				3E5C388F05AC1AE4FA383376 /* Frameworks */,
			);
			sourceTree = "<group>";
		};
		539DE8AB2342E368002E5142 /* Products */ = {
			isa = PBXGroup;
			children = (
				539DE8AA2342E368002E5142 /* ToDoList w REALM.app */,
			);
			name = Products;
			sourceTree = "<group>";
		};
		539DE8AC2342E368002E5142 /* ToDoList w REALM */ = {
			isa = PBXGroup;
			children = (
				539DE8AD2342E368002E5142 /* AppDelegate.swift */,
				5332DCE123443ED500697B77 /* Model */,
				5332DCE323443F0B00697B77 /* View */,
				5332DCE223443EF300697B77 /* Controller */,
				539DE8B42342E369002E5142 /* Assets.xcassets */,
				539DE8B62342E369002E5142 /* LaunchScreen.storyboard */,
				539DE8B92342E369002E5142 /* Info.plist */,
			);
			path = "ToDoList w REALM";
			sourceTree = "<group>";
		};
		914E9DE78DD794597B394CFE /* Pods */ = {
			isa = PBXGroup;
			children = (
				55350E833B9FC42B3D10A466 /* Pods-ToDoList w REALM.debug.xcconfig */,
				43D389B5A26BD3854C0BEAF7 /* Pods-ToDoList w REALM.release.xcconfig */,
			);
			name = Pods;
			sourceTree = "<group>";
		};
/* End PBXGroup section */

/* Begin PBXNativeTarget section */
		539DE8A92342E368002E5142 /* ToDoList w REALM */ = {
			isa = PBXNativeTarget;
			buildConfigurationList = 539DE8BC2342E369002E5142 /* Build configuration list for PBXNativeTarget "ToDoList w REALM" */;
			buildPhases = (
				8B348E3092E3D15806B15D9D /* [CP] Check Pods Manifest.lock */,
				539DE8A62342E368002E5142 /* Sources */,
				539DE8A72342E368002E5142 /* Frameworks */,
				539DE8A82342E368002E5142 /* Resources */,
				3B4F8BE2E98CAD92498FE133 /* [CP] Embed Pods Frameworks */,
			);
			buildRules = (
			);
			dependencies = (
			);
			name = "ToDoList w REALM";
			productName = "ToDoList w REALM";
			productReference = 539DE8AA2342E368002E5142 /* ToDoList w REALM.app */;
			productType = "com.apple.product-type.application";
		};
/* End PBXNativeTarget section */

/* Begin PBXProject section */
		539DE8A22342E368002E5142 /* Project object */ = {
			isa = PBXProject;
			attributes = {
				LastSwiftUpdateCheck = 1030;
				LastUpgradeCheck = 1030;
				ORGANIZATIONNAME = RMT;
				TargetAttributes = {
					539DE8A92342E368002E5142 = {
						CreatedOnToolsVersion = 10.3;
					};
				};
			};
			buildConfigurationList = 539DE8A52342E368002E5142 /* Build configuration list for PBXProject "ToDoList w REALM" */;
			compatibilityVersion = "Xcode 9.3";
			developmentRegion = en;
			hasScannedForEncodings = 0;
			knownRegions = (
				en,
				Base,
			);
			mainGroup = 539DE8A12342E368002E5142;
			productRefGroup = 539DE8AB2342E368002E5142 /* Products */;
			projectDirPath = "";
			projectRoot = "";
			targets = (
				539DE8A92342E368002E5142 /* ToDoList w REALM */,
			);
		};
/* End PBXProject section */

/* Begin PBXResourcesBuildPhase section */
		539DE8A82342E368002E5142 /* Resources */ = {
			isa = PBXResourcesBuildPhase;
			buildActionMask = 2147483647;
			files = (
				539DE8B82342E369002E5142 /* LaunchScreen.storyboard in Resources */,
				539DE8B52342E369002E5142 /* Assets.xcassets in Resources */,
				539DE8B32342E368002E5142 /* Main.storyboard in Resources */,
			);
			runOnlyForDeploymentPostprocessing = 0;
		};
/* End PBXResourcesBuildPhase section */

/* Begin PBXShellScriptBuildPhase section */
		3B4F8BE2E98CAD92498FE133 /* [CP] Embed Pods Frameworks */ = {
			isa = PBXShellScriptBuildPhase;
			buildActionMask = 2147483647;
			files = (
			);
			inputPaths = (
				"${SRCROOT}/Pods/Target Support Files/Pods-ToDoList w REALM/Pods-ToDoList w REALM-frameworks.sh",
				"${BUILT_PRODUCTS_DIR}/Realm/Realm.framework",
				"${BUILT_PRODUCTS_DIR}/RealmSwift/RealmSwift.framework",
			);
			name = "[CP] Embed Pods Frameworks";
			outputPaths = (
				"${TARGET_BUILD_DIR}/${FRAMEWORKS_FOLDER_PATH}/Realm.framework",
				"${TARGET_BUILD_DIR}/${FRAMEWORKS_FOLDER_PATH}/RealmSwift.framework",
			);
			runOnlyForDeploymentPostprocessing = 0;
			shellPath = /bin/sh;
			shellScript = "\"${SRCROOT}/Pods/Target Support Files/Pods-ToDoList w REALM/Pods-ToDoList w REALM-frameworks.sh\"\n";
			showEnvVarsInLog = 0;
		};
		8B348E3092E3D15806B15D9D /* [CP] Check Pods Manifest.lock */ = {
			isa = PBXShellScriptBuildPhase;
			buildActionMask = 2147483647;
			files = (
			);
			inputPaths = (
				"${PODS_PODFILE_DIR_PATH}/Podfile.lock",
				"${PODS_ROOT}/Manifest.lock",
			);
			name = "[CP] Check Pods Manifest.lock";
			outputPaths = (
				"$(DERIVED_FILE_DIR)/Pods-ToDoList w REALM-checkManifestLockResult.txt",
			);
			runOnlyForDeploymentPostprocessing = 0;
			shellPath = /bin/sh;
			shellScript = "diff \"${PODS_PODFILE_DIR_PATH}/Podfile.lock\" \"${PODS_ROOT}/Manifest.lock\" > /dev/null\nif [ $? != 0 ] ; then\n    # print error to STDERR\n    echo \"error: The sandbox is not in sync with the Podfile.lock. Run 'pod install' or update your CocoaPods installation.\" >&2\n    exit 1\nfi\n# This output is used by Xcode 'outputs' to avoid re-running this script phase.\necho \"SUCCESS\" > \"${SCRIPT_OUTPUT_FILE_0}\"\n";
			showEnvVarsInLog = 0;
		};
/* End PBXShellScriptBuildPhase section */

/* Begin PBXSourcesBuildPhase section */
		539DE8A62342E368002E5142 /* Sources */ = {
			isa = PBXSourcesBuildPhase;
			buildActionMask = 2147483647;
			files = (
				5332DCDE23443EA600697B77 /* Item.swift in Sources */,
				5332DCE023443EC900697B77 /* Category.swift in Sources */,
				539DE8AE2342E368002E5142 /* AppDelegate.swift in Sources */,
				539DE8C02342E5CA002E5142 /* CategoriesTableViewController.swift in Sources */,
				539DE8C22342E5DB002E5142 /* ToDoListTableViewController.swift in Sources */,
			);
			runOnlyForDeploymentPostprocessing = 0;
		};
/* End PBXSourcesBuildPhase section */

/* Begin PBXVariantGroup section */
		539DE8B12342E368002E5142 /* Main.storyboard */ = {
			isa = PBXVariantGroup;
			children = (
				539DE8B22342E368002E5142 /* Base */,
			);
			name = Main.storyboard;
			sourceTree = "<group>";
		};
		539DE8B62342E369002E5142 /* LaunchScreen.storyboard */ = {
			isa = PBXVariantGroup;
			children = (
				539DE8B72342E369002E5142 /* Base */,
			);
			name = LaunchScreen.storyboard;
			sourceTree = "<group>";
		};
/* End PBXVariantGroup section */

/* Begin XCBuildConfiguration section */
		539DE8BA2342E369002E5142 /* Debug */ = {
			isa = XCBuildConfiguration;
			buildSettings = {
				ALWAYS_SEARCH_USER_PATHS = NO;
				CLANG_ANALYZER_NONNULL = YES;
				CLANG_ANALYZER_NUMBER_OBJECT_CONVERSION = YES_AGGRESSIVE;
				CLANG_CXX_LANGUAGE_STANDARD = "gnu++14";
				CLANG_CXX_LIBRARY = "libc++";
				CLANG_ENABLE_MODULES = YES;
				CLANG_ENABLE_OBJC_ARC = YES;
				CLANG_ENABLE_OBJC_WEAK = YES;
				CLANG_WARN_BLOCK_CAPTURE_AUTORELEASING = YES;
				CLANG_WARN_BOOL_CONVERSION = YES;
				CLANG_WARN_COMMA = YES;
				CLANG_WARN_CONSTANT_CONVERSION = YES;
				CLANG_WARN_DEPRECATED_OBJC_IMPLEMENTATIONS = YES;
				CLANG_WARN_DIRECT_OBJC_ISA_USAGE = YES_ERROR;
				CLANG_WARN_DOCUMENTATION_COMMENTS = YES;
				CLANG_WARN_EMPTY_BODY = YES;
				CLANG_WARN_ENUM_CONVERSION = YES;
				CLANG_WARN_INFINITE_RECURSION = YES;
				CLANG_WARN_INT_CONVERSION = YES;
				CLANG_WARN_NON_LITERAL_NULL_CONVERSION = YES;
				CLANG_WARN_OBJC_IMPLICIT_RETAIN_SELF = YES;
				CLANG_WARN_OBJC_LITERAL_CONVERSION = YES;
				CLANG_WARN_OBJC_ROOT_CLASS = YES_ERROR;
				CLANG_WARN_RANGE_LOOP_ANALYSIS = YES;
				CLANG_WARN_STRICT_PROTOTYPES = YES;
				CLANG_WARN_SUSPICIOUS_MOVE = YES;
				CLANG_WARN_UNGUARDED_AVAILABILITY = YES_AGGRESSIVE;
				CLANG_WARN_UNREACHABLE_CODE = YES;
				CLANG_WARN__DUPLICATE_METHOD_MATCH = YES;
				CODE_SIGN_IDENTITY = "iPhone Developer";
				COPY_PHASE_STRIP = NO;
				DEBUG_INFORMATION_FORMAT = dwarf;
				ENABLE_STRICT_OBJC_MSGSEND = YES;
				ENABLE_TESTABILITY = YES;
				GCC_C_LANGUAGE_STANDARD = gnu11;
				GCC_DYNAMIC_NO_PIC = NO;
				GCC_NO_COMMON_BLOCKS = YES;
				GCC_OPTIMIZATION_LEVEL = 0;
				GCC_PREPROCESSOR_DEFINITIONS = (
					"DEBUG=1",
					"$(inherited)",
				);
				GCC_WARN_64_TO_32_BIT_CONVERSION = YES;
				GCC_WARN_ABOUT_RETURN_TYPE = YES_ERROR;
				GCC_WARN_UNDECLARED_SELECTOR = YES;
				GCC_WARN_UNINITIALIZED_AUTOS = YES_AGGRESSIVE;
				GCC_WARN_UNUSED_FUNCTION = YES;
				GCC_WARN_UNUSED_VARIABLE = YES;
				IPHONEOS_DEPLOYMENT_TARGET = 12.4;
				MTL_ENABLE_DEBUG_INFO = INCLUDE_SOURCE;
				MTL_FAST_MATH = YES;
				ONLY_ACTIVE_ARCH = YES;
				SDKROOT = iphoneos;
				SWIFT_ACTIVE_COMPILATION_CONDITIONS = DEBUG;
				SWIFT_OPTIMIZATION_LEVEL = "-Onone";
			};
			name = Debug;
		};
		539DE8BB2342E369002E5142 /* Release */ = {
			isa = XCBuildConfiguration;
			buildSettings = {
				ALWAYS_SEARCH_USER_PATHS = NO;
				CLANG_ANALYZER_NONNULL = YES;
				CLANG_ANALYZER_NUMBER_OBJECT_CONVERSION = YES_AGGRESSIVE;
				CLANG_CXX_LANGUAGE_STANDARD = "gnu++14";
				CLANG_CXX_LIBRARY = "libc++";
				CLANG_ENABLE_MODULES = YES;
				CLANG_ENABLE_OBJC_ARC = YES;
				CLANG_ENABLE_OBJC_WEAK = YES;
				CLANG_WARN_BLOCK_CAPTURE_AUTORELEASING = YES;
				CLANG_WARN_BOOL_CONVERSION = YES;
				CLANG_WARN_COMMA = YES;
				CLANG_WARN_CONSTANT_CONVERSION = YES;
				CLANG_WARN_DEPRECATED_OBJC_IMPLEMENTATIONS = YES;
				CLANG_WARN_DIRECT_OBJC_ISA_USAGE = YES_ERROR;
				CLANG_WARN_DOCUMENTATION_COMMENTS = YES;
				CLANG_WARN_EMPTY_BODY = YES;
				CLANG_WARN_ENUM_CONVERSION = YES;
				CLANG_WARN_INFINITE_RECURSION = YES;
				CLANG_WARN_INT_CONVERSION = YES;
				CLANG_WARN_NON_LITERAL_NULL_CONVERSION = YES;
				CLANG_WARN_OBJC_IMPLICIT_RETAIN_SELF = YES;
				CLANG_WARN_OBJC_LITERAL_CONVERSION = YES;
				CLANG_WARN_OBJC_ROOT_CLASS = YES_ERROR;
				CLANG_WARN_RANGE_LOOP_ANALYSIS = YES;
				CLANG_WARN_STRICT_PROTOTYPES = YES;
				CLANG_WARN_SUSPICIOUS_MOVE = YES;
				CLANG_WARN_UNGUARDED_AVAILABILITY = YES_AGGRESSIVE;
				CLANG_WARN_UNREACHABLE_CODE = YES;
				CLANG_WARN__DUPLICATE_METHOD_MATCH = YES;
				CODE_SIGN_IDENTITY = "iPhone Developer";
				COPY_PHASE_STRIP = NO;
				DEBUG_INFORMATION_FORMAT = "dwarf-with-dsym";
				ENABLE_NS_ASSERTIONS = NO;
				ENABLE_STRICT_OBJC_MSGSEND = YES;
				GCC_C_LANGUAGE_STANDARD = gnu11;
				GCC_NO_COMMON_BLOCKS = YES;
				GCC_WARN_64_TO_32_BIT_CONVERSION = YES;
				GCC_WARN_ABOUT_RETURN_TYPE = YES_ERROR;
				GCC_WARN_UNDECLARED_SELECTOR = YES;
				GCC_WARN_UNINITIALIZED_AUTOS = YES_AGGRESSIVE;
				GCC_WARN_UNUSED_FUNCTION = YES;
				GCC_WARN_UNUSED_VARIABLE = YES;
				IPHONEOS_DEPLOYMENT_TARGET = 12.4;
				MTL_ENABLE_DEBUG_INFO = NO;
				MTL_FAST_MATH = YES;
				SDKROOT = iphoneos;
				SWIFT_COMPILATION_MODE = wholemodule;
				SWIFT_OPTIMIZATION_LEVEL = "-O";
				VALIDATE_PRODUCT = YES;
			};
			name = Release;
		};
		539DE8BD2342E369002E5142 /* Debug */ = {
			isa = XCBuildConfiguration;
			baseConfigurationReference = 55350E833B9FC42B3D10A466 /* Pods-ToDoList w REALM.debug.xcconfig */;
			buildSettings = {
				ASSETCATALOG_COMPILER_APPICON_NAME = AppIcon;
				CODE_SIGN_STYLE = Automatic;
				DEVELOPMENT_TEAM = MRPUG98X93;
				INFOPLIST_FILE = "ToDoList w REALM/Info.plist";
				LD_RUNPATH_SEARCH_PATHS = (
					"$(inherited)",
					"@executable_path/Frameworks",
				);
				PRODUCT_BUNDLE_IDENTIFIER = "com.RMT.ToDoList-w-REALM";
				PRODUCT_NAME = "$(TARGET_NAME)";
				SWIFT_VERSION = 5.0;
				TARGETED_DEVICE_FAMILY = "1,2";
			};
			name = Debug;
		};
		539DE8BE2342E369002E5142 /* Release */ = {
			isa = XCBuildConfiguration;
			baseConfigurationReference = 43D389B5A26BD3854C0BEAF7 /* Pods-ToDoList w REALM.release.xcconfig */;
			buildSettings = {
				ASSETCATALOG_COMPILER_APPICON_NAME = AppIcon;
				CODE_SIGN_STYLE = Automatic;
				DEVELOPMENT_TEAM = MRPUG98X93;
				INFOPLIST_FILE = "ToDoList w REALM/Info.plist";
				LD_RUNPATH_SEARCH_PATHS = (
					"$(inherited)",
					"@executable_path/Frameworks",
				);
				PRODUCT_BUNDLE_IDENTIFIER = "com.RMT.ToDoList-w-REALM";
				PRODUCT_NAME = "$(TARGET_NAME)";
				SWIFT_VERSION = 5.0;
				TARGETED_DEVICE_FAMILY = "1,2";
			};
			name = Release;
		};
/* End XCBuildConfiguration section */

/* Begin XCConfigurationList section */
		539DE8A52342E368002E5142 /* Build configuration list for PBXProject "ToDoList w REALM" */ = {
			isa = XCConfigurationList;
			buildConfigurations = (
				539DE8BA2342E369002E5142 /* Debug */,
				539DE8BB2342E369002E5142 /* Release */,
			);
			defaultConfigurationIsVisible = 0;
			defaultConfigurationName = Release;
		};
		539DE8BC2342E369002E5142 /* Build configuration list for PBXNativeTarget "ToDoList w REALM" */ = {
			isa = XCConfigurationList;
			buildConfigurations = (
				539DE8BD2342E369002E5142 /* Debug */,
				539DE8BE2342E369002E5142 /* Release */,
			);
			defaultConfigurationIsVisible = 0;
			defaultConfigurationName = Release;
		};
/* End XCConfigurationList section */
	};
	rootObject = 539DE8A22342E368002E5142 /* Project object */;
}
